
Microsoft Visual Studio Solution File, Format Version 12.00
# Visual Studio Version 17
VisualStudioVersion = 17.0.31903.59
MinimumVisualStudioVersion = 10.0.40219.1
Project("{2150E333-8FDC-42A3-9474-1A3956D46DE8}") = "src", "src", "{827E0CD3-B72D-47B6-A68D-7590B98EB39B}"
EndProject
Project("{FAE04EC0-301F-11D3-BF4B-00C04F79EFBC}") = "Toro-Testes.BuildingBlocks", "src\Toro-Testes.BuildingBlocks\Toro-Testes.BuildingBlocks.csproj", "{1A735F2B-27ED-4C41-AA35-E4502D69797E}"
EndProject
Project("{FAE04EC0-301F-11D3-BF4B-00C04F79EFBC}") = "Toro-Testes.Contracts", "src\Toro-Testes.Contracts\Toro-Testes.Contracts.csproj", "{273349FD-58BC-4066-87A8-FACB035227EC}"
EndProject
Project("{FAE04EC0-301F-11D3-BF4B-00C04F79EFBC}") = "Toro-Testes.Domain", "src\Toro-Testes.Domain\Toro-Testes.Domain.csproj", "{DB991975-9995-4C7E-B6AC-34D4AA808123}"
EndProject
Project("{FAE04EC0-301F-11D3-BF4B-00C04F79EFBC}") = "Toro-Testes.Application", "src\Toro-Testes.Application\Toro-Testes.Application.csproj", "{FEBC0E55-7E57-456D-9FBA-307ACA8E1D3F}"
EndProject
Project("{FAE04EC0-301F-11D3-BF4B-00C04F79EFBC}") = "Toro-Testes.Infrastructure", "src\Toro-Testes.Infrastructure\Toro-Testes.Infrastructure.csproj", "{4EAC3752-7A12-49AC-BC5F-647DADBB47BD}"
EndProject
Project("{FAE04EC0-301F-11D3-BF4B-00C04F79EFBC}") = "Toro-Testes.Api", "src\Toro-Testes.Api\Toro-Testes.Api.csproj", "{B7E0B5B6-E8E5-4FFD-A89A-E82BF833F2E2}"
EndProject
Project("{FAE04EC0-301F-11D3-BF4B-00C04F79EFBC}") = "Toro-Testes.Worker", "src\Toro-Testes.Worker\Toro-Testes.Worker.csproj", "{6C16B71C-194F-4F5E-B2CF-F7AD1DBFEE2A}"
EndProject
Project("{2150E333-8FDC-42A3-9474-1A3956D46DE8}") = "tests", "tests", "{0AB3BF05-4346-4AA6-1389-037BE0695223}"
EndProject
Project("{FAE04EC0-301F-11D3-BF4B-00C04F79EFBC}") = "Toro-Testes.UnitTests", "tests\Toro-Testes.UnitTests\Toro-Testes.UnitTests.csproj", "{DEB0EFE9-409E-4A86-80A4-767C804F0361}"
EndProject
Project("{FAE04EC0-301F-11D3-BF4B-00C04F79EFBC}") = "Toro-Testes.IntegrationTests", "tests\Toro-Testes.IntegrationTests\Toro-Testes.IntegrationTests.csproj", "{642EAA4B-30CD-41EB-BD80-DD1380F330E0}"
EndProject
Global
	GlobalSection(SolutionConfigurationPlatforms) = preSolution
		Debug|Any CPU = Debug|Any CPU
		Debug|x64 = Debug|x64
		Debug|x86 = Debug|x86
		Release|Any CPU = Release|Any CPU
		Release|x64 = Release|x64
		Release|x86 = Release|x86
	EndGlobalSection
	GlobalSection(ProjectConfigurationPlatforms) = postSolution
		{1A735F2B-27ED-4C41-AA35-E4502D69797E}.Debug|Any CPU.ActiveCfg = Debug|Any CPU
		{1A735F2B-27ED-4C41-AA35-E4502D69797E}.Debug|Any CPU.Build.0 = Debug|Any CPU
		{1A735F2B-27ED-4C41-AA35-E4502D69797E}.Debug|x64.ActiveCfg = Debug|Any CPU
		{1A735F2B-27ED-4C41-AA35-E4502D69797E}.Debug|x64.Build.0 = Debug|Any CPU
		{1A735F2B-27ED-4C41-AA35-E4502D69797E}.Debug|x86.ActiveCfg = Debug|Any CPU
		{1A735F2B-27ED-4C41-AA35-E4502D69797E}.Debug|x86.Build.0 = Debug|Any CPU
		{1A735F2B-27ED-4C41-AA35-E4502D69797E}.Release|Any CPU.ActiveCfg = Release|Any CPU
		{1A735F2B-27ED-4C41-AA35-E4502D69797E}.Release|Any CPU.Build.0 = Release|Any CPU
		{1A735F2B-27ED-4C41-AA35-E4502D69797E}.Release|x64.ActiveCfg = Release|Any CPU
		{1A735F2B-27ED-4C41-AA35-E4502D69797E}.Release|x64.Build.0 = Release|Any CPU
		{1A735F2B-27ED-4C41-AA35-E4502D69797E}.Release|x86.ActiveCfg = Release|Any CPU
		{1A735F2B-27ED-4C41-AA35-E4502D69797E}.Release|x86.Build.0 = Release|Any CPU
		{273349FD-58BC-4066-87A8-FACB035227EC}.Debug|Any CPU.ActiveCfg = Debug|Any CPU
		{273349FD-58BC-4066-87A8-FACB035227EC}.Debug|Any CPU.Build.0 = Debug|Any CPU
		{273349FD-58BC-4066-87A8-FACB035227EC}.Debug|x64.ActiveCfg = Debug|Any CPU
		{273349FD-58BC-4066-87A8-FACB035227EC}.Debug|x64.Build.0 = Debug|Any CPU
		{273349FD-58BC-4066-87A8-FACB035227EC}.Debug|x86.ActiveCfg = Debug|Any CPU
		{273349FD-58BC-4066-87A8-FACB035227EC}.Debug|x86.Build.0 = Debug|Any CPU
		{273349FD-58BC-4066-87A8-FACB035227EC}.Release|Any CPU.ActiveCfg = Release|Any CPU
		{273349FD-58BC-4066-87A8-FACB035227EC}.Release|Any CPU.Build.0 = Release|Any CPU
		{273349FD-58BC-4066-87A8-FACB035227EC}.Release|x64.ActiveCfg = Release|Any CPU
		{273349FD-58BC-4066-87A8-FACB035227EC}.Release|x64.Build.0 = Release|Any CPU
		{273349FD-58BC-4066-87A8-FACB035227EC}.Release|x86.ActiveCfg = Release|Any CPU
		{273349FD-58BC-4066-87A8-FACB035227EC}.Release|x86.Build.0 = Release|Any CPU
		{DB991975-9995-4C7E-B6AC-34D4AA808123}.Debug|Any CPU.ActiveCfg = Debug|Any CPU
		{DB991975-9995-4C7E-B6AC-34D4AA808123}.Debug|Any CPU.Build.0 = Debug|Any CPU
		{DB991975-9995-4C7E-B6AC-34D4AA808123}.Debug|x64.ActiveCfg = Debug|Any CPU
		{DB991975-9995-4C7E-B6AC-34D4AA808123}.Debug|x64.Build.0 = Debug|Any CPU
		{DB991975-9995-4C7E-B6AC-34D4AA808123}.Debug|x86.ActiveCfg = Debug|Any CPU
		{DB991975-9995-4C7E-B6AC-34D4AA808123}.Debug|x86.Build.0 = Debug|Any CPU
		{DB991975-9995-4C7E-B6AC-34D4AA808123}.Release|Any CPU.ActiveCfg = Release|Any CPU
		{DB991975-9995-4C7E-B6AC-34D4AA808123}.Release|Any CPU.Build.0 = Release|Any CPU
		{DB991975-9995-4C7E-B6AC-34D4AA808123}.Release|x64.ActiveCfg = Release|Any CPU
		{DB991975-9995-4C7E-B6AC-34D4AA808123}.Release|x64.Build.0 = Release|Any CPU
		{DB991975-9995-4C7E-B6AC-34D4AA808123}.Release|x86.ActiveCfg = Release|Any CPU
		{DB991975-9995-4C7E-B6AC-34D4AA808123}.Release|x86.Build.0 = Release|Any CPU
		{FEBC0E55-7E57-456D-9FBA-307ACA8E1D3F}.Debug|Any CPU.ActiveCfg = Debug|Any CPU
		{FEBC0E55-7E57-456D-9FBA-307ACA8E1D3F}.Debug|Any CPU.Build.0 = Debug|Any CPU
		{FEBC0E55-7E57-456D-9FBA-307ACA8E1D3F}.Debug|x64.ActiveCfg = Debug|Any CPU
		{FEBC0E55-7E57-456D-9FBA-307ACA8E1D3F}.Debug|x64.Build.0 = Debug|Any CPU
		{FEBC0E55-7E57-456D-9FBA-307ACA8E1D3F}.Debug|x86.ActiveCfg = Debug|Any CPU
		{FEBC0E55-7E57-456D-9FBA-307ACA8E1D3F}.Debug|x86.Build.0 = Debug|Any CPU
		{FEBC0E55-7E57-456D-9FBA-307ACA8E1D3F}.Release|Any CPU.ActiveCfg = Release|Any CPU
		{FEBC0E55-7E57-456D-9FBA-307ACA8E1D3F}.Release|Any CPU.Build.0 = Release|Any CPU
		{FEBC0E55-7E57-456D-9FBA-307ACA8E1D3F}.Release|x64.ActiveCfg = Release|Any CPU
		{FEBC0E55-7E57-456D-9FBA-307ACA8E1D3F}.Release|x64.Build.0 = Release|Any CPU
		{FEBC0E55-7E57-456D-9FBA-307ACA8E1D3F}.Release|x86.ActiveCfg = Release|Any CPU
		{FEBC0E55-7E57-456D-9FBA-307ACA8E1D3F}.Release|x86.Build.0 = Release|Any CPU
		{4EAC3752-7A12-49AC-BC5F-647DADBB47BD}.Debug|Any CPU.ActiveCfg = Debug|Any CPU
		{4EAC3752-7A12-49AC-BC5F-647DADBB47BD}.Debug|Any CPU.Build.0 = Debug|Any CPU
		{4EAC3752-7A12-49AC-BC5F-647DADBB47BD}.Debug|x64.ActiveCfg = Debug|Any CPU
		{4EAC3752-7A12-49AC-BC5F-647DADBB47BD}.Debug|x64.Build.0 = Debug|Any CPU
		{4EAC3752-7A12-49AC-BC5F-647DADBB47BD}.Debug|x86.ActiveCfg = Debug|Any CPU
		{4EAC3752-7A12-49AC-BC5F-647DADBB47BD}.Debug|x86.Build.0 = Debug|Any CPU
		{4EAC3752-7A12-49AC-BC5F-647DADBB47BD}.Release|Any CPU.ActiveCfg = Release|Any CPU
		{4EAC3752-7A12-49AC-BC5F-647DADBB47BD}.Release|Any CPU.Build.0 = Release|Any CPU
		{4EAC3752-7A12-49AC-BC5F-647DADBB47BD}.Release|x64.ActiveCfg = Release|Any CPU
		{4EAC3752-7A12-49AC-BC5F-647DADBB47BD}.Release|x64.Build.0 = Release|Any CPU
		{4EAC3752-7A12-49AC-BC5F-647DADBB47BD}.Release|x86.ActiveCfg = Release|Any CPU
		{4EAC3752-7A12-49AC-BC5F-647DADBB47BD}.Release|x86.Build.0 = Release|Any CPU
		{B7E0B5B6-E8E5-4FFD-A89A-E82BF833F2E2}.Debug|Any CPU.ActiveCfg = Debug|Any CPU
		{B7E0B5B6-E8E5-4FFD-A89A-E82BF833F2E2}.Debug|Any CPU.Build.0 = Debug|Any CPU
		{B7E0B5B6-E8E5-4FFD-A89A-E82BF833F2E2}.Debug|x64.ActiveCfg = Debug|Any CPU
		{B7E0B5B6-E8E5-4FFD-A89A-E82BF833F2E2}.Debug|x64.Build.0 = Debug|Any CPU
		{B7E0B5B6-E8E5-4FFD-A89A-E82BF833F2E2}.Debug|x86.ActiveCfg = Debug|Any CPU
		{B7E0B5B6-E8E5-4FFD-A89A-E82BF833F2E2}.Debug|x86.Build.0 = Debug|Any CPU
		{B7E0B5B6-E8E5-4FFD-A89A-E82BF833F2E2}.Release|Any CPU.ActiveCfg = Release|Any CPU
		{B7E0B5B6-E8E5-4FFD-A89A-E82BF833F2E2}.Release|Any CPU.Build.0 = Release|Any CPU
		{B7E0B5B6-E8E5-4FFD-A89A-E82BF833F2E2}.Release|x64.ActiveCfg = Release|Any CPU
		{B7E0B5B6-E8E5-4FFD-A89A-E82BF833F2E2}.Release|x64.Build.0 = Release|Any CPU
		{B7E0B5B6-E8E5-4FFD-A89A-E82BF833F2E2}.Release|x86.ActiveCfg = Release|Any CPU
		{B7E0B5B6-E8E5-4FFD-A89A-E82BF833F2E2}.Release|x86.Build.0 = Release|Any CPU
		{6C16B71C-194F-4F5E-B2CF-F7AD1DBFEE2A}.Debug|Any CPU.ActiveCfg = Debug|Any CPU
		{6C16B71C-194F-4F5E-B2CF-F7AD1DBFEE2A}.Debug|Any CPU.Build.0 = Debug|Any CPU
		{6C16B71C-194F-4F5E-B2CF-F7AD1DBFEE2A}.Debug|x64.ActiveCfg = Debug|Any CPU
		{6C16B71C-194F-4F5E-B2CF-F7AD1DBFEE2A}.Debug|x64.Build.0 = Debug|Any CPU
		{6C16B71C-194F-4F5E-B2CF-F7AD1DBFEE2A}.Debug|x86.ActiveCfg = Debug|Any CPU
		{6C16B71C-194F-4F5E-B2CF-F7AD1DBFEE2A}.Debug|x86.Build.0 = Debug|Any CPU
		{6C16B71C-194F-4F5E-B2CF-F7AD1DBFEE2A}.Release|Any CPU.ActiveCfg = Release|Any CPU
		{6C16B71C-194F-4F5E-B2CF-F7AD1DBFEE2A}.Release|Any CPU.Build.0 = Release|Any CPU
		{6C16B71C-194F-4F5E-B2CF-F7AD1DBFEE2A}.Release|x64.ActiveCfg = Release|Any CPU
		{6C16B71C-194F-4F5E-B2CF-F7AD1DBFEE2A}.Release|x64.Build.0 = Release|Any CPU
		{6C16B71C-194F-4F5E-B2CF-F7AD1DBFEE2A}.Release|x86.ActiveCfg = Release|Any CPU
		{6C16B71C-194F-4F5E-B2CF-F7AD1DBFEE2A}.Release|x86.Build.0 = Release|Any CPU
		{DEB0EFE9-409E-4A86-80A4-767C804F0361}.Debug|Any CPU.ActiveCfg = Debug|Any CPU
		{DEB0EFE9-409E-4A86-80A4-767C804F0361}.Debug|Any CPU.Build.0 = Debug|Any CPU
		{DEB0EFE9-409E-4A86-80A4-767C804F0361}.Debug|x64.ActiveCfg = Debug|Any CPU
		{DEB0EFE9-409E-4A86-80A4-767C804F0361}.Debug|x64.Build.0 = Debug|Any CPU
		{DEB0EFE9-409E-4A86-80A4-767C804F0361}.Debug|x86.ActiveCfg = Debug|Any CPU
		{DEB0EFE9-409E-4A86-80A4-767C804F0361}.Debug|x86.Build.0 = Debug|Any CPU
		{DEB0EFE9-409E-4A86-80A4-767C804F0361}.Release|Any CPU.ActiveCfg = Release|Any CPU
		{DEB0EFE9-409E-4A86-80A4-767C804F0361}.Release|Any CPU.Build.0 = Release|Any CPU
		{DEB0EFE9-409E-4A86-80A4-767C804F0361}.Release|x64.ActiveCfg = Release|Any CPU
		{DEB0EFE9-409E-4A86-80A4-767C804F0361}.Release|x64.Build.0 = Release|Any CPU
		{DEB0EFE9-409E-4A86-80A4-767C804F0361}.Release|x86.ActiveCfg = Release|Any CPU
		{DEB0EFE9-409E-4A86-80A4-767C804F0361}.Release|x86.Build.0 = Release|Any CPU
		{642EAA4B-30CD-41EB-BD80-DD1380F330E0}.Debug|Any CPU.ActiveCfg = Debug|Any CPU
		{642EAA4B-30CD-41EB-BD80-DD1380F330E0}.Debug|Any CPU.Build.0 = Debug|Any CPU
		{642EAA4B-30CD-41EB-BD80-DD1380F330E0}.Debug|x64.ActiveCfg = Debug|Any CPU
		{642EAA4B-30CD-41EB-BD80-DD1380F330E0}.Debug|x64.Build.0 = Debug|Any CPU
		{642EAA4B-30CD-41EB-BD80-DD1380F330E0}.Debug|x86.ActiveCfg = Debug|Any CPU
		{642EAA4B-30CD-41EB-BD80-DD1380F330E0}.Debug|x86.Build.0 = Debug|Any CPU
		{642EAA4B-30CD-41EB-BD80-DD1380F330E0}.Release|Any CPU.ActiveCfg = Release|Any CPU
		{642EAA4B-30CD-41EB-BD80-DD1380F330E0}.Release|Any CPU.Build.0 = Release|Any CPU
		{642EAA4B-30CD-41EB-BD80-DD1380F330E0}.Release|x64.ActiveCfg = Release|Any CPU
		{642EAA4B-30CD-41EB-BD80-DD1380F330E0}.Release|x64.Build.0 = Release|Any CPU
		{642EAA4B-30CD-41EB-BD80-DD1380F330E0}.Release|x86.ActiveCfg = Release|Any CPU
		{642EAA4B-30CD-41EB-BD80-DD1380F330E0}.Release|x86.Build.0 = Release|Any CPU
	EndGlobalSection
	GlobalSection(SolutionProperties) = preSolution
		HideSolutionNode = FALSE
	EndGlobalSection
	GlobalSection(NestedProjects) = preSolution
		{1A735F2B-27ED-4C41-AA35-E4502D69797E} = {827E0CD3-B72D-47B6-A68D-7590B98EB39B}
		{273349FD-58BC-4066-87A8-FACB035227EC} = {827E0CD3-B72D-47B6-A68D-7590B98EB39B}
		{DB991975-9995-4C7E-B6AC-34D4AA808123} = {827E0CD3-B72D-47B6-A68D-7590B98EB39B}
		{FEBC0E55-7E57-456D-9FBA-307ACA8E1D3F} = {827E0CD3-B72D-47B6-A68D-7590B98EB39B}
		{4EAC3752-7A12-49AC-BC5F-647DADBB47BD} = {827E0CD3-B72D-47B6-A68D-7590B98EB39B}
		{B7E0B5B6-E8E5-4FFD-A89A-E82BF833F2E2} = {827E0CD3-B72D-47B6-A68D-7590B98EB39B}
		{6C16B71C-194F-4F5E-B2CF-F7AD1DBFEE2A} = {827E0CD3-B72D-47B6-A68D-7590B98EB39B}
		{DEB0EFE9-409E-4A86-80A4-767C804F0361} = {0AB3BF05-4346-4AA6-1389-037BE0695223}
		{642EAA4B-30CD-41EB-BD80-DD1380F330E0} = {0AB3BF05-4346-4AA6-1389-037BE0695223}
	EndGlobalSection
EndGlobal
